
Microsoft Visual Studio Solution File, Format Version 12.00
# Visual Studio Version 16
VisualStudioVersion = 16.0.31624.102
MinimumVisualStudioVersion = 10.0.40219.1
Project("{FAE04EC0-301F-11D3-BF4B-00C04F79EFBC}") = "Employee", "Employee\Employee.csproj", "{56F37324-62A2-4C17-84DB-BB4998104BD3}"
EndProject
Global
	GlobalSection(SolutionConfigurationPlatforms) = preSolution
		Debug|Any CPU = Debug|Any CPU
		Release|Any CPU = Release|Any CPU
	EndGlobalSection
	GlobalSection(ProjectConfigurationPlatforms) = postSolution
		{56F37324-62A2-4C17-84DB-BB4998104BD3}.Debug|Any CPU.ActiveCfg = Debug|Any CPU
		{56F37324-62A2-4C17-84DB-BB4998104BD3}.Debug|Any CPU.Build.0 = Debug|Any CPU
		{56F37324-62A2-4C17-84DB-BB4998104BD3}.Release|Any CPU.ActiveCfg = Release|Any CPU
		{56F37324-62A2-4C17-84DB-BB4998104BD3}.Release|Any CPU.Build.0 = Release|Any CPU
	EndGlobalSection
	GlobalSection(SolutionProperties) = preSolution
		HideSolutionNode = FALSE
	EndGlobalSection
	GlobalSection(ExtensibilityGlobals) = postSolution
		SolutionGuid = {CF630346-25D3-4017-B259-2B35ACCCD178}
	EndGlobalSection
EndGlobal
